
Microsoft Visual Studio Solution File, Format Version 12.00
# Visual Studio Version 17
VisualStudioVersion = 17.9.34723.18
MinimumVisualStudioVersion = 10.0.40219.1
Project("{FAE04EC0-301F-11D3-BF4B-00C04F79EFBC}") = "Paraiso Patinhas", "Paraiso Patinhas\Paraiso Patinhas.csproj", "{DF1AD342-67C2-4ABA-BC69-2EC357CCAE4C}"
EndProject
Global
	GlobalSection(SolutionConfigurationPlatforms) = preSolution
		Debug|Any CPU = Debug|Any CPU
		Release|Any CPU = Release|Any CPU
	EndGlobalSection
	GlobalSection(ProjectConfigurationPlatforms) = postSolution
		{DF1AD342-67C2-4ABA-BC69-2EC357CCAE4C}.Debug|Any CPU.ActiveCfg = Debug|Any CPU
		{DF1AD342-67C2-4ABA-BC69-2EC357CCAE4C}.Debug|Any CPU.Build.0 = Debug|Any CPU
		{DF1AD342-67C2-4ABA-BC69-2EC357CCAE4C}.Release|Any CPU.ActiveCfg = Release|Any CPU
		{DF1AD342-67C2-4ABA-BC69-2EC357CCAE4C}.Release|Any CPU.Build.0 = Release|Any CPU
	EndGlobalSection
	GlobalSection(SolutionProperties) = preSolution
		HideSolutionNode = FALSE
	EndGlobalSection
	GlobalSection(ExtensibilityGlobals) = postSolution
		SolutionGuid = {F4766C55-A215-45AA-BC7E-F4FA0C141DA3}
	EndGlobalSection
EndGlobal
